
Microsoft Visual Studio Solution File, Format Version 12.00
# Visual Studio Version 17
VisualStudioVersion = 17.10.35122.118
MinimumVisualStudioVersion = 10.0.40219.1
Project("{FAE04EC0-301F-11D3-BF4B-00C04F79EFBC}") = "ClassicPRGPattern", "ClassicPRGPattern.csproj", "{03A99689-2B66-4BC5-A30F-BB48F18C22F4}"
EndProject
Global
	GlobalSection(SolutionConfigurationPlatforms) = preSolution
		Debug|Any CPU = Debug|Any CPU
		Release|Any CPU = Release|Any CPU
	EndGlobalSection
	GlobalSection(ProjectConfigurationPlatforms) = postSolution
		{03A99689-2B66-4BC5-A30F-BB48F18C22F4}.Debug|Any CPU.ActiveCfg = Debug|Any CPU
		{03A99689-2B66-4BC5-A30F-BB48F18C22F4}.Debug|Any CPU.Build.0 = Debug|Any CPU
		{03A99689-2B66-4BC5-A30F-BB48F18C22F4}.Release|Any CPU.ActiveCfg = Release|Any CPU
		{03A99689-2B66-4BC5-A30F-BB48F18C22F4}.Release|Any CPU.Build.0 = Release|Any CPU
	EndGlobalSection
	GlobalSection(SolutionProperties) = preSolution
		HideSolutionNode = FALSE
	EndGlobalSection
	GlobalSection(ExtensibilityGlobals) = postSolution
		SolutionGuid = {C8A33E4E-27D7-4A48-9D4E-95A0034C10C0}
	EndGlobalSection
EndGlobal
