
Microsoft Visual Studio Solution File, Format Version 12.00
# Visual Studio Version 17
VisualStudioVersion = 17.10.35122.118
MinimumVisualStudioVersion = 10.0.40219.1
Project("{FAE04EC0-301F-11D3-BF4B-00C04F79EFBC}") = "PartialClassDemo", "PartialClassDemo.csproj", "{C9A1BE84-7096-4C96-B398-5EC06EC48DA1}"
EndProject
Global
	GlobalSection(SolutionConfigurationPlatforms) = preSolution
		Debug|Any CPU = Debug|Any CPU
		Release|Any CPU = Release|Any CPU
	EndGlobalSection
	GlobalSection(ProjectConfigurationPlatforms) = postSolution
		{C9A1BE84-7096-4C96-B398-5EC06EC48DA1}.Debug|Any CPU.ActiveCfg = Debug|Any CPU
		{C9A1BE84-7096-4C96-B398-5EC06EC48DA1}.Debug|Any CPU.Build.0 = Debug|Any CPU
		{C9A1BE84-7096-4C96-B398-5EC06EC48DA1}.Release|Any CPU.ActiveCfg = Release|Any CPU
		{C9A1BE84-7096-4C96-B398-5EC06EC48DA1}.Release|Any CPU.Build.0 = Release|Any CPU
	EndGlobalSection
	GlobalSection(SolutionProperties) = preSolution
		HideSolutionNode = FALSE
	EndGlobalSection
	GlobalSection(ExtensibilityGlobals) = postSolution
		SolutionGuid = {F2721E52-F50A-4CED-8771-976467DD482B}
	EndGlobalSection
EndGlobal
